// !$*UTF8*$!
{
	archiveVersion = 1;
	classes = {
	};
	objectVersion = 46;
	objects = {

/* Begin PBXBuildFile section */
		6C7B26A21CD9EB820029B4C5 /* main.m in Sources */ = {isa = PBXBuildFile; fileRef = 6C7B26A11CD9EB820029B4C5 /* main.m */; };
		6C7B26A51CD9EB820029B4C5 /* AppDelegate.m in Sources */ = {isa = PBXBuildFile; fileRef = 6C7B26A41CD9EB820029B4C5 /* AppDelegate.m */; };
		6C7B26A81CD9EB820029B4C5 /* ViewController.m in Sources */ = {isa = PBXBuildFile; fileRef = 6C7B26A71CD9EB820029B4C5 /* ViewController.m */; };
		6C7B26AB1CD9EB820029B4C5 /* Main.storyboard in Resources */ = {isa = PBXBuildFile; fileRef = 6C7B26A91CD9EB820029B4C5 /* Main.storyboard */; };
		6C7B26AD1CD9EB820029B4C5 /* Assets.xcassets in Resources */ = {isa = PBXBuildFile; fileRef = 6C7B26AC1CD9EB820029B4C5 /* Assets.xcassets */; };
		6C7B26B01CD9EB820029B4C5 /* LaunchScreen.storyboard in Resources */ = {isa = PBXBuildFile; fileRef = 6C7B26AE1CD9EB820029B4C5 /* LaunchScreen.storyboard */; };
		6C7B26D51CD9EBA00029B4C5 /* MKUncaughtExceptionHandler.m in Sources */ = {isa = PBXBuildFile; fileRef = 6C7B26D41CD9EBA00029B4C5 /* MKUncaughtExceptionHandler.m */; };
/* End PBXBuildFile section */

/* Begin PBXFileReference section */
		6C7B269D1CD9EB820029B4C5 /* MKExceptionHandlerDemo.app */ = {isa = PBXFileReference; explicitFileType = wrapper.application; includeInIndex = 0; path = MKExceptionHandlerDemo.app; sourceTree = BUILT_PRODUCTS_DIR; };
		6C7B26A11CD9EB820029B4C5 /* main.m */ = {isa = PBXFileReference; lastKnownFileType = sourcecode.c.objc; path = main.m; sourceTree = "<group>"; };
		6C7B26A31CD9EB820029B4C5 /* AppDelegate.h */ = {isa = PBXFileReference; lastKnownFileType = sourcecode.c.h; path = AppDelegate.h; sourceTree = "<group>"; };
		6C7B26A41CD9EB820029B4C5 /* AppDelegate.m */ = {isa = PBXFileReference; lastKnownFileType = sourcecode.c.objc; path = AppDelegate.m; sourceTree = "<group>"; };
		6C7B26A61CD9EB820029B4C5 /* ViewController.h */ = {isa = PBXFileReference; lastKnownFileType = sourcecode.c.h; path = ViewController.h; sourceTree = "<group>"; };
		6C7B26A71CD9EB820029B4C5 /* ViewController.m */ = {isa = PBXFileReference; lastKnownFileType = sourcecode.c.objc; path = ViewController.m; sourceTree = "<group>"; };
		6C7B26AA1CD9EB820029B4C5 /* Base */ = {isa = PBXFileReference; lastKnownFileType = file.storyboard; name = Base; path = Base.lproj/Main.storyboard; sourceTree = "<group>"; };
		6C7B26AC1CD9EB820029B4C5 /* Assets.xcassets */ = {isa = PBXFileReference; lastKnownFileType = folder.assetcatalog; path = Assets.xcassets; sourceTree = "<group>"; };
		6C7B26AF1CD9EB820029B4C5 /* Base */ = {isa = PBXFileReference; lastKnownFileType = file.storyboard; name = Base; path = Base.lproj/LaunchScreen.storyboard; sourceTree = "<group>"; };
		6C7B26B11CD9EB820029B4C5 /* Info.plist */ = {isa = PBXFileReference; lastKnownFileType = text.plist.xml; path = Info.plist; sourceTree = "<group>"; };
		6C7B26D31CD9EBA00029B4C5 /* MKUncaughtExceptionHandler.h */ = {isa = PBXFileReference; fileEncoding = 4; lastKnownFileType = sourcecode.c.h; path = MKUncaughtExceptionHandler.h; sourceTree = "<group>"; };
		6C7B26D41CD9EBA00029B4C5 /* MKUncaughtExceptionHandler.m */ = {isa = PBXFileReference; fileEncoding = 4; lastKnownFileType = sourcecode.c.objc; path = MKUncaughtExceptionHandler.m; sourceTree = "<group>"; };
/* End PBXFileReference section */

/* Begin PBXFrameworksBuildPhase section */
		6C7B269A1CD9EB820029B4C5 /* Frameworks */ = {
			isa = PBXFrameworksBuildPhase;
			buildActionMask = 2147483647;
			files = (
			);
			runOnlyForDeploymentPostprocessing = 0;
		};
/* End PBXFrameworksBuildPhase section */

/* Begin PBXGroup section */
		6C7B26941CD9EB820029B4C5 = {
			isa = PBXGroup;
			children = (
				6C7B269F1CD9EB820029B4C5 /* MKExceptionHandlerDemo */,
				6C7B269E1CD9EB820029B4C5 /* Products */,
			);
			sourceTree = "<group>";
		};
		6C7B269E1CD9EB820029B4C5 /* Products */ = {
			isa = PBXGroup;
			children = (
				6C7B269D1CD9EB820029B4C5 /* MKExceptionHandlerDemo.app */,
			);
			name = Products;
			sourceTree = "<group>";
		};
		6C7B269F1CD9EB820029B4C5 /* MKExceptionHandlerDemo */ = {
			isa = PBXGroup;
			children = (
				6C7B26D21CD9EBA00029B4C5 /* UncaughtExceptionHandler */,
				6C7B26A31CD9EB820029B4C5 /* AppDelegate.h */,
				6C7B26A41CD9EB820029B4C5 /* AppDelegate.m */,
				6C7B26A61CD9EB820029B4C5 /* ViewController.h */,
				6C7B26A71CD9EB820029B4C5 /* ViewController.m */,
				6C7B26A91CD9EB820029B4C5 /* Main.storyboard */,
				6C7B26AC1CD9EB820029B4C5 /* Assets.xcassets */,
				6C7B26AE1CD9EB820029B4C5 /* LaunchScreen.storyboard */,
				6C7B26B11CD9EB820029B4C5 /* Info.plist */,
				6C7B26A01CD9EB820029B4C5 /* Supporting Files */,
			);
			path = MKExceptionHandlerDemo;
			sourceTree = "<group>";
		};
		6C7B26A01CD9EB820029B4C5 /* Supporting Files */ = {
			isa = PBXGroup;
			children = (
				6C7B26A11CD9EB820029B4C5 /* main.m */,
			);
			name = "Supporting Files";
			sourceTree = "<group>";
		};
		6C7B26D21CD9EBA00029B4C5 /* UncaughtExceptionHandler */ = {
			isa = PBXGroup;
			children = (
				6C7B26D31CD9EBA00029B4C5 /* MKUncaughtExceptionHandler.h */,
				6C7B26D41CD9EBA00029B4C5 /* MKUncaughtExceptionHandler.m */,
			);
			path = UncaughtExceptionHandler;
			sourceTree = "<group>";
		};
/* End PBXGroup section */

/* Begin PBXNativeTarget section */
		6C7B269C1CD9EB820029B4C5 /* MKExceptionHandlerDemo */ = {
			isa = PBXNativeTarget;
			buildConfigurationList = 6C7B26B41CD9EB820029B4C5 /* Build configuration list for PBXNativeTarget "MKExceptionHandlerDemo" */;
			buildPhases = (
				6C7B26991CD9EB820029B4C5 /* Sources */,
				6C7B269A1CD9EB820029B4C5 /* Frameworks */,
				6C7B269B1CD9EB820029B4C5 /* Resources */,
			);
			buildRules = (
			);
			dependencies = (
			);
			name = MKExceptionHandlerDemo;
			productName = MKExceptionHandlerDemo;
			productReference = 6C7B269D1CD9EB820029B4C5 /* MKExceptionHandlerDemo.app */;
			productType = "com.apple.product-type.application";
		};
/* End PBXNativeTarget section */

/* Begin PBXProject section */
		6C7B26951CD9EB820029B4C5 /* Project object */ = {
			isa = PBXProject;
			attributes = {
				LastUpgradeCheck = 0730;
				ORGANIZATIONNAME = cn.mkapple;
				TargetAttributes = {
					6C7B269C1CD9EB820029B4C5 = {
						CreatedOnToolsVersion = 7.3;
					};
				};
			};
			buildConfigurationList = 6C7B26981CD9EB820029B4C5 /* Build configuration list for PBXProject "MKExceptionHandlerDemo" */;
			compatibilityVersion = "Xcode 3.2";
			developmentRegion = English;
			hasScannedForEncodings = 0;
			knownRegions = (
				en,
				Base,
			);
			mainGroup = 6C7B26941CD9EB820029B4C5;
			productRefGroup = 6C7B269E1CD9EB820029B4C5 /* Products */;
			projectDirPath = "";
			projectRoot = "";
			targets = (
				6C7B269C1CD9EB820029B4C5 /* MKExceptionHandlerDemo */,
			);
		};
/* End PBXProject section */

/* Begin PBXResourcesBuildPhase section */
		6C7B269B1CD9EB820029B4C5 /* Resources */ = {
			isa = PBXResourcesBuildPhase;
			buildActionMask = 2147483647;
			files = (
				6C7B26B01CD9EB820029B4C5 /* LaunchScreen.storyboard in Resources */,
				6C7B26AD1CD9EB820029B4C5 /* Assets.xcassets in Resources */,
				6C7B26AB1CD9EB820029B4C5 /* Main.storyboard in Resources */,
			);
			runOnlyForDeploymentPostprocessing = 0;
		};
/* End PBXResourcesBuildPhase section */

/* Begin PBXSourcesBuildPhase section */
		6C7B26991CD9EB820029B4C5 /* Sources */ = {
			isa = PBXSourcesBuildPhase;
			buildActionMask = 2147483647;
			files = (
				6C7B26A81CD9EB820029B4C5 /* ViewController.m in Sources */,
				6C7B26A51CD9EB820029B4C5 /* AppDelegate.m in Sources */,
				6C7B26A21CD9EB820029B4C5 /* main.m in Sources */,
				6C7B26D51CD9EBA00029B4C5 /* MKUncaughtExceptionHandler.m in Sources */,
			);
			runOnlyForDeploymentPostprocessing = 0;
		};
/* End PBXSourcesBuildPhase section */

/* Begin PBXVariantGroup section */
		6C7B26A91CD9EB820029B4C5 /* Main.storyboard */ = {
			isa = PBXVariantGroup;
			children = (
				6C7B26AA1CD9EB820029B4C5 /* Base */,
			);
			name = Main.storyboard;
			sourceTree = "<group>";
		};
		6C7B26AE1CD9EB820029B4C5 /* LaunchScreen.storyboard */ = {
			isa = PBXVariantGroup;
			children = (
				6C7B26AF1CD9EB820029B4C5 /* Base */,
			);
			name = LaunchScreen.storyboard;
			sourceTree = "<group>";
		};
/* End PBXVariantGroup section */

/* Begin XCBuildConfiguration section */
		6C7B26B21CD9EB820029B4C5 /* Debug */ = {
			isa = XCBuildConfiguration;
			buildSettings = {
				ALWAYS_SEARCH_USER_PATHS = NO;
				CLANG_ANALYZER_NONNULL = YES;
				CLANG_CXX_LANGUAGE_STANDARD = "gnu++0x";
				CLANG_CXX_LIBRARY = "libc++";
				CLANG_ENABLE_MODULES = YES;
				CLANG_ENABLE_OBJC_ARC = YES;
				CLANG_WARN_BOOL_CONVERSION = YES;
				CLANG_WARN_CONSTANT_CONVERSION = YES;
				CLANG_WARN_DIRECT_OBJC_ISA_USAGE = YES_ERROR;
				CLANG_WARN_EMPTY_BODY = YES;
				CLANG_WARN_ENUM_CONVERSION = YES;
				CLANG_WARN_INT_CONVERSION = YES;
				CLANG_WARN_OBJC_ROOT_CLASS = YES_ERROR;
				CLANG_WARN_UNREACHABLE_CODE = YES;
				CLANG_WARN__DUPLICATE_METHOD_MATCH = YES;
				"CODE_SIGN_IDENTITY[sdk=iphoneos*]" = "iPhone Developer";
				COPY_PHASE_STRIP = NO;
				DEBUG_INFORMATION_FORMAT = dwarf;
				ENABLE_STRICT_OBJC_MSGSEND = YES;
				ENABLE_TESTABILITY = YES;
				GCC_C_LANGUAGE_STANDARD = gnu99;
				GCC_DYNAMIC_NO_PIC = NO;
				GCC_NO_COMMON_BLOCKS = YES;
				GCC_OPTIMIZATION_LEVEL = 0;
				GCC_PREPROCESSOR_DEFINITIONS = (
					"DEBUG=1",
					"$(inherited)",
				);
				GCC_WARN_64_TO_32_BIT_CONVERSION = YES;
				GCC_WARN_ABOUT_RETURN_TYPE = YES_ERROR;
				GCC_WARN_UNDECLARED_SELECTOR = YES;
				GCC_WARN_UNINITIALIZED_AUTOS = YES_AGGRESSIVE;
				GCC_WARN_UNUSED_FUNCTION = YES;
				GCC_WARN_UNUSED_VARIABLE = YES;
				IPHONEOS_DEPLOYMENT_TARGET = 9.3;
				MTL_ENABLE_DEBUG_INFO = YES;
				ONLY_ACTIVE_ARCH = YES;
				SDKROOT = iphoneos;
			};
			name = Debug;
		};
		6C7B26B31CD9EB820029B4C5 /* Release */ = {
			isa = XCBuildConfiguration;
			buildSettings = {
				ALWAYS_SEARCH_USER_PATHS = NO;
				CLANG_ANALYZER_NONNULL = YES;
				CLANG_CXX_LANGUAGE_STANDARD = "gnu++0x";
				CLANG_CXX_LIBRARY = "libc++";
				CLANG_ENABLE_MODULES = YES;
				CLANG_ENABLE_OBJC_ARC = YES;
				CLANG_WARN_BOOL_CONVERSION = YES;
				CLANG_WARN_CONSTANT_CONVERSION = YES;
				CLANG_WARN_DIRECT_OBJC_ISA_USAGE = YES_ERROR;
				CLANG_WARN_EMPTY_BODY = YES;
				CLANG_WARN_ENUM_CONVERSION = YES;
				CLANG_WARN_INT_CONVERSION = YES;
				CLANG_WARN_OBJC_ROOT_CLASS = YES_ERROR;
				CLANG_WARN_UNREACHABLE_CODE = YES;
				CLANG_WARN__DUPLICATE_METHOD_MATCH = YES;
				"CODE_SIGN_IDENTITY[sdk=iphoneos*]" = "iPhone Developer";
				COPY_PHASE_STRIP = NO;
				DEBUG_INFORMATION_FORMAT = "dwarf-with-dsym";
				ENABLE_NS_ASSERTIONS = NO;
				ENABLE_STRICT_OBJC_MSGSEND = YES;
				GCC_C_LANGUAGE_STANDARD = gnu99;
				GCC_NO_COMMON_BLOCKS = YES;
				GCC_WARN_64_TO_32_BIT_CONVERSION = YES;
				GCC_WARN_ABOUT_RETURN_TYPE = YES_ERROR;
				GCC_WARN_UNDECLARED_SELECTOR = YES;
				GCC_WARN_UNINITIALIZED_AUTOS = YES_AGGRESSIVE;
				GCC_WARN_UNUSED_FUNCTION = YES;
				GCC_WARN_UNUSED_VARIABLE = YES;
				IPHONEOS_DEPLOYMENT_TARGET = 9.3;
				MTL_ENABLE_DEBUG_INFO = NO;
				SDKROOT = iphoneos;
				VALIDATE_PRODUCT = YES;
			};
			name = Release;
		};
		6C7B26B51CD9EB820029B4C5 /* Debug */ = {
			isa = XCBuildConfiguration;
			buildSettings = {
				ASSETCATALOG_COMPILER_APPICON_NAME = AppIcon;
				INFOPLIST_FILE = MKExceptionHandlerDemo/Info.plist;
				LD_RUNPATH_SEARCH_PATHS = "$(inherited) @executable_path/Frameworks";
				PRODUCT_BUNDLE_IDENTIFIER = cn.mkapple.MKExceptionHandlerDemo;
				PRODUCT_NAME = "$(TARGET_NAME)";
			};
			name = Debug;
		};
		6C7B26B61CD9EB820029B4C5 /* Release */ = {
			isa = XCBuildConfiguration;
			buildSettings = {
				ASSETCATALOG_COMPILER_APPICON_NAME = AppIcon;
				INFOPLIST_FILE = MKExceptionHandlerDemo/Info.plist;
				LD_RUNPATH_SEARCH_PATHS = "$(inherited) @executable_path/Frameworks";
				PRODUCT_BUNDLE_IDENTIFIER = cn.mkapple.MKExceptionHandlerDemo;
				PRODUCT_NAME = "$(TARGET_NAME)";
			};
			name = Release;
		};
/* End XCBuildConfiguration section */

/* Begin XCConfigurationList section */
		6C7B26981CD9EB820029B4C5 /* Build configuration list for PBXProject "MKExceptionHandlerDemo" */ = {
			isa = XCConfigurationList;
			buildConfigurations = (
				6C7B26B21CD9EB820029B4C5 /* Debug */,
				6C7B26B31CD9EB820029B4C5 /* Release */,
			);
			defaultConfigurationIsVisible = 0;
			defaultConfigurationName = Release;
		};
		6C7B26B41CD9EB820029B4C5 /* Build configuration list for PBXNativeTarget "MKExceptionHandlerDemo" */ = {
			isa = XCConfigurationList;
			buildConfigurations = (
				6C7B26B51CD9EB820029B4C5 /* Debug */,
				6C7B26B61CD9EB820029B4C5 /* Release */,
			);
			defaultConfigurationIsVisible = 0;
		};
/* End XCConfigurationList section */
	};
	rootObject = 6C7B26951CD9EB820029B4C5 /* Project object */;
}
